PODS:
  - FloatingPanel (2.8.6)
  - Google-Mobile-Ads-SDK (11.13.0):
    - GoogleUserMessagingPlatform (>= 1.1)
  - GoogleUserMessagingPlatform (2.7.0)
  - Realm (20.0.1):
    - Realm/Headers (= 20.0.1)
  - Realm/Headers (20.0.1)
  - RealmSwift (20.0.1):
    - Realm (= 20.0.1)

DEPENDENCIES:
  - FloatingPanel
  - Google-Mobile-Ads-SDK
  - RealmSwift

SPEC REPOS:
  trunk:
    - FloatingPanel
    - Google-Mobile-Ads-SDK
    - GoogleUserMessagingPlatform
    - Realm
    - RealmSwift

SPEC CHECKSUMS:
  FloatingPanel: 11559d3700c39f1c2ee8dbb7a5415223b52fdce0
  Google-Mobile-Ads-SDK: 14f57f2dc33532a24db288897e26494640810407
  GoogleUserMessagingPlatform: a8b56893477f67212fbc8411c139e61d463349f5
  Realm: 9572204903ef28caeb3c03bb30c1147f354ee3e7
  RealmSwift: d230b44017a55a1ba97de6a944da1fe3bedb92b5

PODFILE CHECKSUM: 62cada9717496980e295b2a0d741a9eb50419afe

COCOAPODS: 1.16.2
