// !$*UTF8*$!
{
	archiveVersion = 1;
	classes = {
	};
	objectVersion = 51;
	objects = {

/* Begin PBXBuildFile section */
		0D1D97C0F1C025FB959A09CA /* Pods_MapAppWatch.framework in Frameworks */ = {isa = PBXBuildFile; fileRef = 4D6A96D4BA3CE4F963E6F507 /* Pods_MapAppWatch.framework */; };
		16B414BF241F82E03C8105FD /* Pods_MapAppWatch_Extension.framework in Frameworks */ = {isa = PBXBuildFile; fileRef = 1299E58E1038F201033E1E3B /* Pods_MapAppWatch_Extension.framework */; };
		3AB98E2326C4D2F8002DD302 /* GolfManageScore.swift in Sources */ = {isa = PBXBuildFile; fileRef = 3AB98E2226C4D2F8002DD302 /* GolfManageScore.swift */; };
		3AB98E2526C5CA7A002DD302 /* GolfInputScore.swift in Sources */ = {isa = PBXBuildFile; fileRef = 3AB98E2426C5CA7A002DD302 /* GolfInputScore.swift */; };
		3AB98E2826C5D6D1002DD302 /* Define.swift in Sources */ = {isa = PBXBuildFile; fileRef = 3AB98E2726C5D6D1002DD302 /* Define.swift */; };
		61D64AD368BE9A0FD375D546 /* Pods_MapApp_MapAppUITests.framework in Frameworks */ = {isa = PBXBuildFile; fileRef = 0AF272B8F4F9DD98EB5C8498 /* Pods_MapApp_MapAppUITests.framework */; };
		875CDAC47D902F85BC62D63A /* Pods_MapApp.framework in Frameworks */ = {isa = PBXBuildFile; fileRef = 580B11B8812FB6E571DB4971 /* Pods_MapApp.framework */; };
		8FD94B8C38D5666D686ED808 /* Pods_MapAppTests.framework in Frameworks */ = {isa = PBXBuildFile; fileRef = F64BACC053D53F6A14DCC47C /* Pods_MapAppTests.framework */; };
		9B107B692217D74A006971FF /* AppDelegate.swift in Sources */ = {isa = PBXBuildFile; fileRef = 9B107B682217D74A006971FF /* AppDelegate.swift */; };
		9B107B6B2217D74A006971FF /* ViewController.swift in Sources */ = {isa = PBXBuildFile; fileRef = 9B107B6A2217D74A006971FF /* ViewController.swift */; };
		9B107B6E2217D74A006971FF /* Main.storyboard in Resources */ = {isa = PBXBuildFile; fileRef = 9B107B6C2217D74A006971FF /* Main.storyboard */; };
		9B107B712217D74A006971FF /* MapApp.xcdatamodeld in Sources */ = {isa = PBXBuildFile; fileRef = 9B107B6F2217D74A006971FF /* MapApp.xcdatamodeld */; };
		9B107B732217D74C006971FF /* Assets.xcassets in Resources */ = {isa = PBXBuildFile; fileRef = 9B107B722217D74C006971FF /* Assets.xcassets */; };
		9B107B762217D74C006971FF /* LaunchScreen.storyboard in Resources */ = {isa = PBXBuildFile; fileRef = 9B107B742217D74C006971FF /* LaunchScreen.storyboard */; };
		9B107B812217D74C006971FF /* MapAppTests.swift in Sources */ = {isa = PBXBuildFile; fileRef = 9B107B802217D74C006971FF /* MapAppTests.swift */; };
		9B107B8C2217D74C006971FF /* MapAppUITests.swift in Sources */ = {isa = PBXBuildFile; fileRef = 9B107B8B2217D74C006971FF /* MapAppUITests.swift */; };
		9B1103932244A33C00798283 /* MenuViewController.swift in Sources */ = {isa = PBXBuildFile; fileRef = 9B1103922244A33C00798283 /* MenuViewController.swift */; };
		9B6379AC23B861430049FCEB /* WalkViewController.swift in Sources */ = {isa = PBXBuildFile; fileRef = 9B6379AB23B861430049FCEB /* WalkViewController.swift */; };
		9B6379AE23B88CA70049FCEB /* MenuWalkViewController.swift in Sources */ = {isa = PBXBuildFile; fileRef = 9B6379AD23B88CA70049FCEB /* MenuWalkViewController.swift */; };
		9B8ED912239355AB00AFD405 /* PointPopupViewController.swift in Sources */ = {isa = PBXBuildFile; fileRef = 9B8ED911239355AA00AFD405 /* PointPopupViewController.swift */; };
		9BAAFE2023DBCEF3004C4B43 /* CustomFloatingPanelLayout.swift in Sources */ = {isa = PBXBuildFile; fileRef = 9BAAFE1F23DBCEF3004C4B43 /* CustomFloatingPanelLayout.swift */; };
		9BAAFE2F23DD975A004C4B43 /* AdSupport.framework in Frameworks */ = {isa = PBXBuildFile; fileRef = 9BAAFE2E23DD975A004C4B43 /* AdSupport.framework */; };
		9BAAFE3123DD9764004C4B43 /* AudioToolbox.framework in Frameworks */ = {isa = PBXBuildFile; fileRef = 9BAAFE3023DD9764004C4B43 /* AudioToolbox.framework */; };
		9BAAFE3323DD9772004C4B43 /* AVFoundation.framework in Frameworks */ = {isa = PBXBuildFile; fileRef = 9BAAFE3223DD9772004C4B43 /* AVFoundation.framework */; };
		9BAAFE3523DD977C004C4B43 /* CoreGraphics.framework in Frameworks */ = {isa = PBXBuildFile; fileRef = 9BAAFE3423DD977C004C4B43 /* CoreGraphics.framework */; };
		9BAAFE3723DD9785004C4B43 /* CoreMedia.framework in Frameworks */ = {isa = PBXBuildFile; fileRef = 9BAAFE3623DD9785004C4B43 /* CoreMedia.framework */; };
		9BAAFE3923DD9790004C4B43 /* CoreTelephony.framework in Frameworks */ = {isa = PBXBuildFile; fileRef = 9BAAFE3823DD9790004C4B43 /* CoreTelephony.framework */; };
		9BAAFE3B23DD97A0004C4B43 /* EventKit.framework in Frameworks */ = {isa = PBXBuildFile; fileRef = 9BAAFE3A23DD97A0004C4B43 /* EventKit.framework */; };
		9BAAFE3D23DD97A9004C4B43 /* EventKitUI.framework in Frameworks */ = {isa = PBXBuildFile; fileRef = 9BAAFE3C23DD97A9004C4B43 /* EventKitUI.framework */; };
		9BAAFE3F23DD97B9004C4B43 /* StoreKit.framework in Frameworks */ = {isa = PBXBuildFile; fileRef = 9BAAFE3E23DD97B9004C4B43 /* StoreKit.framework */; };
		9BAAFE4123DD97C4004C4B43 /* SystemConfiguration.framework in Frameworks */ = {isa = PBXBuildFile; fileRef = 9BAAFE4023DD97C4004C4B43 /* SystemConfiguration.framework */; };
		9BAAFE4523DD985E004C4B43 /* GoogleMobileAds.framework in Frameworks */ = {isa = PBXBuildFile; fileRef = 9BAAFE4423DD985E004C4B43 /* GoogleMobileAds.framework */; };
		9BAAFE4723DD9BC4004C4B43 /* GoogleAppMeasurement.framework in Frameworks */ = {isa = PBXBuildFile; fileRef = 9BAAFE4623DD9BC4004C4B43 /* GoogleAppMeasurement.framework */; };
		9BAAFE4923DD9BCD004C4B43 /* GoogleUtilities.framework in Frameworks */ = {isa = PBXBuildFile; fileRef = 9BAAFE4823DD9BCD004C4B43 /* GoogleUtilities.framework */; };
		9BAAFE4D23DD9BF4004C4B43 /* nanopb.framework in Frameworks */ = {isa = PBXBuildFile; fileRef = 9BAAFE4C23DD9BF4004C4B43 /* nanopb.framework */; };
		9BAB8C2623069B5B0013BE62 /* CycleSettingViewController.swift in Sources */ = {isa = PBXBuildFile; fileRef = 9BAB8C2523069B5B0013BE62 /* CycleSettingViewController.swift */; };
		9BC59CF4230387AC00128586 /* UserDataManager.swift in Sources */ = {isa = PBXBuildFile; fileRef = 9BC59CF3230387AC00128586 /* UserDataManager.swift */; };
		9BD1933722E42E2C00A44FD6 /* CycleViewController.swift in Sources */ = {isa = PBXBuildFile; fileRef = 9BD1933622E42E2C00A44FD6 /* CycleViewController.swift */; };
		9BE20C2B22338A7800ABA8ED /* Interface.storyboard in Resources */ = {isa = PBXBuildFile; fileRef = 9BE20C2922338A7800ABA8ED /* Interface.storyboard */; };
		9BE20C2D22338A7B00ABA8ED /* Assets.xcassets in Resources */ = {isa = PBXBuildFile; fileRef = 9BE20C2C22338A7B00ABA8ED /* Assets.xcassets */; };
		9BE20C3422338A7B00ABA8ED /* MapAppWatch Extension.appex in Embed App Extensions */ = {isa = PBXBuildFile; fileRef = 9BE20C3322338A7B00ABA8ED /* MapAppWatch Extension.appex */; settings = {ATTRIBUTES = (RemoveHeadersOnCopy, ); }; };
		9BE20C3922338A7B00ABA8ED /* InterfaceController.swift in Sources */ = {isa = PBXBuildFile; fileRef = 9BE20C3822338A7B00ABA8ED /* InterfaceController.swift */; };
		9BE20C3B22338A7B00ABA8ED /* ExtensionDelegate.swift in Sources */ = {isa = PBXBuildFile; fileRef = 9BE20C3A22338A7B00ABA8ED /* ExtensionDelegate.swift */; };
		9BE20C3D22338A7B00ABA8ED /* NotificationController.swift in Sources */ = {isa = PBXBuildFile; fileRef = 9BE20C3C22338A7B00ABA8ED /* NotificationController.swift */; };
		9BE20C3F22338A7B00ABA8ED /* Assets.xcassets in Resources */ = {isa = PBXBuildFile; fileRef = 9BE20C3E22338A7B00ABA8ED /* Assets.xcassets */; };
		9BE20C4422338A7B00ABA8ED /* Map Mode.app in Embed Watch Content */ = {isa = PBXBuildFile; fileRef = 9BE20C2722338A7800ABA8ED /* Map Mode.app */; };
		9BE836CB22FFE6B0005CE3C8 /* MenuCycleViewController.swift in Sources */ = {isa = PBXBuildFile; fileRef = 9BE836CA22FFE6B0005CE3C8 /* MenuCycleViewController.swift */; };
/* End PBXBuildFile section */

/* Begin PBXContainerItemProxy section */
		9B107B7D2217D74C006971FF /* PBXContainerItemProxy */ = {
			isa = PBXContainerItemProxy;
			containerPortal = 9B107B5D2217D74A006971FF /* Project object */;
			proxyType = 1;
			remoteGlobalIDString = 9B107B642217D74A006971FF;
			remoteInfo = MapApp;
		};
		9B107B882217D74C006971FF /* PBXContainerItemProxy */ = {
			isa = PBXContainerItemProxy;
			containerPortal = 9B107B5D2217D74A006971FF /* Project object */;
			proxyType = 1;
			remoteGlobalIDString = 9B107B642217D74A006971FF;
			remoteInfo = MapApp;
		};
		9BE20C3522338A7B00ABA8ED /* PBXContainerItemProxy */ = {
			isa = PBXContainerItemProxy;
			containerPortal = 9B107B5D2217D74A006971FF /* Project object */;
			proxyType = 1;
			remoteGlobalIDString = 9BE20C3222338A7B00ABA8ED;
			remoteInfo = "MapAppWatch Extension";
		};
		9BE20C4222338A7B00ABA8ED /* PBXContainerItemProxy */ = {
			isa = PBXContainerItemProxy;
			containerPortal = 9B107B5D2217D74A006971FF /* Project object */;
			proxyType = 1;
			remoteGlobalIDString = 9BE20C2622338A7800ABA8ED;
			remoteInfo = MapAppWatch;
		};
/* End PBXContainerItemProxy section */

/* Begin PBXCopyFilesBuildPhase section */
		9BE20C4A22338A7B00ABA8ED /* Embed App Extensions */ = {
			isa = PBXCopyFilesBuildPhase;
			buildActionMask = 2147483647;
			dstPath = "";
			dstSubfolderSpec = 13;
			files = (
				9BE20C3422338A7B00ABA8ED /* MapAppWatch Extension.appex in Embed App Extensions */,
			);
			name = "Embed App Extensions";
			runOnlyForDeploymentPostprocessing = 0;
		};
		9BE20C4C22338A7B00ABA8ED /* Embed Watch Content */ = {
			isa = PBXCopyFilesBuildPhase;
			buildActionMask = 2147483647;
			dstPath = "$(CONTENTS_FOLDER_PATH)/Watch";
			dstSubfolderSpec = 16;
			files = (
				9BE20C4422338A7B00ABA8ED /* Map Mode.app in Embed Watch Content */,
			);
			name = "Embed Watch Content";
			runOnlyForDeploymentPostprocessing = 0;
		};
/* End PBXCopyFilesBuildPhase section */

/* Begin PBXFileReference section */
		0AF272B8F4F9DD98EB5C8498 /* Pods_MapApp_MapAppUITests.framework */ = {isa = PBXFileReference; explicitFileType = wrapper.framework; includeInIndex = 0; path = Pods_MapApp_MapAppUITests.framework; sourceTree = BUILT_PRODUCTS_DIR; };
		1299E58E1038F201033E1E3B /* Pods_MapAppWatch_Extension.framework */ = {isa = PBXFileReference; explicitFileType = wrapper.framework; includeInIndex = 0; path = Pods_MapAppWatch_Extension.framework; sourceTree = BUILT_PRODUCTS_DIR; };
		1B28071945CD7E294D8A0FF2 /* Pods-MapApp.release.xcconfig */ = {isa = PBXFileReference; includeInIndex = 1; lastKnownFileType = text.xcconfig; name = "Pods-MapApp.release.xcconfig"; path = "Target Support Files/Pods-MapApp/Pods-MapApp.release.xcconfig"; sourceTree = "<group>"; };
		1F7B0C59E4D855F4BAB063C8 /* Pods-MapApp.debug.xcconfig */ = {isa = PBXFileReference; includeInIndex = 1; lastKnownFileType = text.xcconfig; name = "Pods-MapApp.debug.xcconfig"; path = "Target Support Files/Pods-MapApp/Pods-MapApp.debug.xcconfig"; sourceTree = "<group>"; };
		2D9A399AA125E1477E7DD388 /* Pods-MapAppTests.debug.xcconfig */ = {isa = PBXFileReference; includeInIndex = 1; lastKnownFileType = text.xcconfig; name = "Pods-MapAppTests.debug.xcconfig"; path = "Target Support Files/Pods-MapAppTests/Pods-MapAppTests.debug.xcconfig"; sourceTree = "<group>"; };
		3AB98E2226C4D2F8002DD302 /* GolfManageScore.swift */ = {isa = PBXFileReference; lastKnownFileType = sourcecode.swift; path = GolfManageScore.swift; sourceTree = "<group>"; };
		3AB98E2426C5CA7A002DD302 /* GolfInputScore.swift */ = {isa = PBXFileReference; lastKnownFileType = sourcecode.swift; path = GolfInputScore.swift; sourceTree = "<group>"; };
		3AB98E2726C5D6D1002DD302 /* Define.swift */ = {isa = PBXFileReference; lastKnownFileType = sourcecode.swift; path = Define.swift; sourceTree = "<group>"; };
		4D6A96D4BA3CE4F963E6F507 /* Pods_MapAppWatch.framework */ = {isa = PBXFileReference; explicitFileType = wrapper.framework; includeInIndex = 0; path = Pods_MapAppWatch.framework; sourceTree = BUILT_PRODUCTS_DIR; };
		55697951E2C2237407C944A0 /* Pods-MapApp-MapAppUITests.debug.xcconfig */ = {isa = PBXFileReference; includeInIndex = 1; lastKnownFileType = text.xcconfig; name = "Pods-MapApp-MapAppUITests.debug.xcconfig"; path = "Target Support Files/Pods-MapApp-MapAppUITests/Pods-MapApp-MapAppUITests.debug.xcconfig"; sourceTree = "<group>"; };
		580B11B8812FB6E571DB4971 /* Pods_MapApp.framework */ = {isa = PBXFileReference; explicitFileType = wrapper.framework; includeInIndex = 0; path = Pods_MapApp.framework; sourceTree = BUILT_PRODUCTS_DIR; };
		811300B3402FC936991ECC6E /* Pods-MapAppTests.release.xcconfig */ = {isa = PBXFileReference; includeInIndex = 1; lastKnownFileType = text.xcconfig; name = "Pods-MapAppTests.release.xcconfig"; path = "Target Support Files/Pods-MapAppTests/Pods-MapAppTests.release.xcconfig"; sourceTree = "<group>"; };
		9B107B652217D74A006971FF /* Map Mode.app */ = {isa = PBXFileReference; explicitFileType = wrapper.application; includeInIndex = 0; path = "Map Mode.app"; sourceTree = BUILT_PRODUCTS_DIR; };
		9B107B682217D74A006971FF /* AppDelegate.swift */ = {isa = PBXFileReference; lastKnownFileType = sourcecode.swift; path = AppDelegate.swift; sourceTree = "<group>"; };
		9B107B6A2217D74A006971FF /* ViewController.swift */ = {isa = PBXFileReference; lastKnownFileType = sourcecode.swift; path = ViewController.swift; sourceTree = "<group>"; };
		9B107B6D2217D74A006971FF /* Base */ = {isa = PBXFileReference; lastKnownFileType = file.storyboard; name = Base; path = Base.lproj/Main.storyboard; sourceTree = "<group>"; };
		9B107B702217D74A006971FF /* MapApp.xcdatamodel */ = {isa = PBXFileReference; lastKnownFileType = wrapper.xcdatamodel; path = MapApp.xcdatamodel; sourceTree = "<group>"; };
		9B107B722217D74C006971FF /* Assets.xcassets */ = {isa = PBXFileReference; lastKnownFileType = folder.assetcatalog; path = Assets.xcassets; sourceTree = "<group>"; };
		9B107B752217D74C006971FF /* Base */ = {isa = PBXFileReference; lastKnownFileType = file.storyboard; name = Base; path = Base.lproj/LaunchScreen.storyboard; sourceTree = "<group>"; };
		9B107B772217D74C006971FF /* Info.plist */ = {isa = PBXFileReference; lastKnownFileType = text.plist.xml; path = Info.plist; sourceTree = "<group>"; };
		9B107B7C2217D74C006971FF /* MapAppTests.xctest */ = {isa = PBXFileReference; explicitFileType = wrapper.cfbundle; includeInIndex = 0; path = MapAppTests.xctest; sourceTree = BUILT_PRODUCTS_DIR; };
		9B107B802217D74C006971FF /* MapAppTests.swift */ = {isa = PBXFileReference; lastKnownFileType = sourcecode.swift; path = MapAppTests.swift; sourceTree = "<group>"; };
		9B107B822217D74C006971FF /* Info.plist */ = {isa = PBXFileReference; lastKnownFileType = text.plist.xml; path = Info.plist; sourceTree = "<group>"; };
		9B107B872217D74C006971FF /* MapAppUITests.xctest */ = {isa = PBXFileReference; explicitFileType = wrapper.cfbundle; includeInIndex = 0; path = MapAppUITests.xctest; sourceTree = BUILT_PRODUCTS_DIR; };
		9B107B8B2217D74C006971FF /* MapAppUITests.swift */ = {isa = PBXFileReference; lastKnownFileType = sourcecode.swift; path = MapAppUITests.swift; sourceTree = "<group>"; };
		9B107B8D2217D74C006971FF /* Info.plist */ = {isa = PBXFileReference; lastKnownFileType = text.plist.xml; path = Info.plist; sourceTree = "<group>"; };
		9B1103922244A33C00798283 /* MenuViewController.swift */ = {isa = PBXFileReference; lastKnownFileType = sourcecode.swift; path = MenuViewController.swift; sourceTree = "<group>"; };
		9B6379AB23B861430049FCEB /* WalkViewController.swift */ = {isa = PBXFileReference; lastKnownFileType = sourcecode.swift; path = WalkViewController.swift; sourceTree = "<group>"; };
		9B6379AD23B88CA70049FCEB /* MenuWalkViewController.swift */ = {isa = PBXFileReference; lastKnownFileType = sourcecode.swift; path = MenuWalkViewController.swift; sourceTree = "<group>"; };
		9B8ED911239355AA00AFD405 /* PointPopupViewController.swift */ = {isa = PBXFileReference; lastKnownFileType = sourcecode.swift; path = PointPopupViewController.swift; sourceTree = "<group>"; };
		9BAAFE1F23DBCEF3004C4B43 /* CustomFloatingPanelLayout.swift */ = {isa = PBXFileReference; lastKnownFileType = sourcecode.swift; path = CustomFloatingPanelLayout.swift; sourceTree = "<group>"; };
		9BAAFE2E23DD975A004C4B43 /* AdSupport.framework */ = {isa = PBXFileReference; lastKnownFileType = wrapper.framework; name = AdSupport.framework; path = System/Library/Frameworks/AdSupport.framework; sourceTree = SDKROOT; };
		9BAAFE3023DD9764004C4B43 /* AudioToolbox.framework */ = {isa = PBXFileReference; lastKnownFileType = wrapper.framework; name = AudioToolbox.framework; path = System/Library/Frameworks/AudioToolbox.framework; sourceTree = SDKROOT; };
		9BAAFE3223DD9772004C4B43 /* AVFoundation.framework */ = {isa = PBXFileReference; lastKnownFileType = wrapper.framework; name = AVFoundation.framework; path = System/Library/Frameworks/AVFoundation.framework; sourceTree = SDKROOT; };
		9BAAFE3423DD977C004C4B43 /* CoreGraphics.framework */ = {isa = PBXFileReference; lastKnownFileType = wrapper.framework; name = CoreGraphics.framework; path = System/Library/Frameworks/CoreGraphics.framework; sourceTree = SDKROOT; };
		9BAAFE3623DD9785004C4B43 /* CoreMedia.framework */ = {isa = PBXFileReference; lastKnownFileType = wrapper.framework; name = CoreMedia.framework; path = System/Library/Frameworks/CoreMedia.framework; sourceTree = SDKROOT; };
		9BAAFE3823DD9790004C4B43 /* CoreTelephony.framework */ = {isa = PBXFileReference; lastKnownFileType = wrapper.framework; name = CoreTelephony.framework; path = System/Library/Frameworks/CoreTelephony.framework; sourceTree = SDKROOT; };
		9BAAFE3A23DD97A0004C4B43 /* EventKit.framework */ = {isa = PBXFileReference; lastKnownFileType = wrapper.framework; name = EventKit.framework; path = System/Library/Frameworks/EventKit.framework; sourceTree = SDKROOT; };
		9BAAFE3C23DD97A9004C4B43 /* EventKitUI.framework */ = {isa = PBXFileReference; lastKnownFileType = wrapper.framework; name = EventKitUI.framework; path = System/Library/Frameworks/EventKitUI.framework; sourceTree = SDKROOT; };
		9BAAFE3E23DD97B9004C4B43 /* StoreKit.framework */ = {isa = PBXFileReference; lastKnownFileType = wrapper.framework; name = StoreKit.framework; path = System/Library/Frameworks/StoreKit.framework; sourceTree = SDKROOT; };
		9BAAFE4023DD97C4004C4B43 /* SystemConfiguration.framework */ = {isa = PBXFileReference; lastKnownFileType = wrapper.framework; name = SystemConfiguration.framework; path = System/Library/Frameworks/SystemConfiguration.framework; sourceTree = SDKROOT; };
		9BAAFE4223DD9827004C4B43 /* GoogleMobileAdsSdkiOS-7.53.1 */ = {isa = PBXFileReference; lastKnownFileType = folder; path = "GoogleMobileAdsSdkiOS-7.53.1"; sourceTree = "<group>"; };
		9BAAFE4423DD985E004C4B43 /* GoogleMobileAds.framework */ = {isa = PBXFileReference; lastKnownFileType = wrapper.framework; name = GoogleMobileAds.framework; path = "GoogleMobileAdsSdkiOS-7.53.1/GoogleMobileAds.framework"; sourceTree = "<group>"; };
		9BAAFE4623DD9BC4004C4B43 /* GoogleAppMeasurement.framework */ = {isa = PBXFileReference; lastKnownFileType = wrapper.framework; name = GoogleAppMeasurement.framework; path = "GoogleMobileAdsSdkiOS-7.53.1/GoogleAppMeasurement.framework"; sourceTree = "<group>"; };
		9BAAFE4823DD9BCD004C4B43 /* GoogleUtilities.framework */ = {isa = PBXFileReference; lastKnownFileType = wrapper.framework; name = GoogleUtilities.framework; path = "GoogleMobileAdsSdkiOS-7.53.1/GoogleUtilities.framework"; sourceTree = "<group>"; };
		9BAAFE4A23DD9BD1004C4B43 /* Licenses */ = {isa = PBXFileReference; lastKnownFileType = folder; name = Licenses; path = "GoogleMobileAdsSdkiOS-7.53.1/Licenses"; sourceTree = "<group>"; };
		9BAAFE4C23DD9BF4004C4B43 /* nanopb.framework */ = {isa = PBXFileReference; lastKnownFileType = wrapper.framework; name = nanopb.framework; path = "GoogleMobileAdsSdkiOS-7.53.1/nanopb.framework"; sourceTree = "<group>"; };
		9BAB8C2523069B5B0013BE62 /* CycleSettingViewController.swift */ = {isa = PBXFileReference; lastKnownFileType = sourcecode.swift; path = CycleSettingViewController.swift; sourceTree = "<group>"; };
		9BC59CF3230387AC00128586 /* UserDataManager.swift */ = {isa = PBXFileReference; fileEncoding = 4; lastKnownFileType = sourcecode.swift; path = UserDataManager.swift; sourceTree = "<group>"; };
		9BD1933622E42E2C00A44FD6 /* CycleViewController.swift */ = {isa = PBXFileReference; lastKnownFileType = sourcecode.swift; path = CycleViewController.swift; sourceTree = "<group>"; };
		9BE20C2722338A7800ABA8ED /* Map Mode.app */ = {isa = PBXFileReference; explicitFileType = wrapper.application; includeInIndex = 0; path = "Map Mode.app"; sourceTree = BUILT_PRODUCTS_DIR; };
		9BE20C2A22338A7800ABA8ED /* Base */ = {isa = PBXFileReference; lastKnownFileType = file.storyboard; name = Base; path = Base.lproj/Interface.storyboard; sourceTree = "<group>"; };
		9BE20C2C22338A7B00ABA8ED /* Assets.xcassets */ = {isa = PBXFileReference; lastKnownFileType = folder.assetcatalog; path = Assets.xcassets; sourceTree = "<group>"; };
		9BE20C2E22338A7B00ABA8ED /* Info.plist */ = {isa = PBXFileReference; lastKnownFileType = text.plist.xml; path = Info.plist; sourceTree = "<group>"; };
		9BE20C3322338A7B00ABA8ED /* MapAppWatch Extension.appex */ = {isa = PBXFileReference; explicitFileType = "wrapper.app-extension"; includeInIndex = 0; path = "MapAppWatch Extension.appex"; sourceTree = BUILT_PRODUCTS_DIR; };
		9BE20C3822338A7B00ABA8ED /* InterfaceController.swift */ = {isa = PBXFileReference; lastKnownFileType = sourcecode.swift; path = InterfaceController.swift; sourceTree = "<group>"; };
		9BE20C3A22338A7B00ABA8ED /* ExtensionDelegate.swift */ = {isa = PBXFileReference; lastKnownFileType = sourcecode.swift; path = ExtensionDelegate.swift; sourceTree = "<group>"; };
		9BE20C3C22338A7B00ABA8ED /* NotificationController.swift */ = {isa = PBXFileReference; lastKnownFileType = sourcecode.swift; path = NotificationController.swift; sourceTree = "<group>"; };
		9BE20C3E22338A7B00ABA8ED /* Assets.xcassets */ = {isa = PBXFileReference; lastKnownFileType = folder.assetcatalog; path = Assets.xcassets; sourceTree = "<group>"; };
		9BE20C4022338A7B00ABA8ED /* Info.plist */ = {isa = PBXFileReference; lastKnownFileType = text.plist.xml; path = Info.plist; sourceTree = "<group>"; };
		9BE20C4122338A7B00ABA8ED /* PushNotificationPayload.apns */ = {isa = PBXFileReference; lastKnownFileType = text; path = PushNotificationPayload.apns; sourceTree = "<group>"; };
		9BE836CA22FFE6B0005CE3C8 /* MenuCycleViewController.swift */ = {isa = PBXFileReference; lastKnownFileType = sourcecode.swift; path = MenuCycleViewController.swift; sourceTree = "<group>"; };
		B5DF17A235D424E443586CBD /* Pods-MapApp-MapAppUITests.release.xcconfig */ = {isa = PBXFileReference; includeInIndex = 1; lastKnownFileType = text.xcconfig; name = "Pods-MapApp-MapAppUITests.release.xcconfig"; path = "Target Support Files/Pods-MapApp-MapAppUITests/Pods-MapApp-MapAppUITests.release.xcconfig"; sourceTree = "<group>"; };
		BD43CABE145B5FCF8DA076DD /* Pods-MapAppWatch Extension.debug.xcconfig */ = {isa = PBXFileReference; includeInIndex = 1; lastKnownFileType = text.xcconfig; name = "Pods-MapAppWatch Extension.debug.xcconfig"; path = "Target Support Files/Pods-MapAppWatch Extension/Pods-MapAppWatch Extension.debug.xcconfig"; sourceTree = "<group>"; };
		C3EB9A2208B385571B700F81 /* Pods-MapAppWatch Extension.release.xcconfig */ = {isa = PBXFileReference; includeInIndex = 1; lastKnownFileType = text.xcconfig; name = "Pods-MapAppWatch Extension.release.xcconfig"; path = "Target Support Files/Pods-MapAppWatch Extension/Pods-MapAppWatch Extension.release.xcconfig"; sourceTree = "<group>"; };
		D79FE1F54A2AA2DA489A3705 /* Pods-MapAppWatch.debug.xcconfig */ = {isa = PBXFileReference; includeInIndex = 1; lastKnownFileType = text.xcconfig; name = "Pods-MapAppWatch.debug.xcconfig"; path = "Target Support Files/Pods-MapAppWatch/Pods-MapAppWatch.debug.xcconfig"; sourceTree = "<group>"; };
		F64BACC053D53F6A14DCC47C /* Pods_MapAppTests.framework */ = {isa = PBXFileReference; explicitFileType = wrapper.framework; includeInIndex = 0; path = Pods_MapAppTests.framework; sourceTree = BUILT_PRODUCTS_DIR; };
		F90F5EAC7B4080AD81EB014C /* Pods-MapAppWatch.release.xcconfig */ = {isa = PBXFileReference; includeInIndex = 1; lastKnownFileType = text.xcconfig; name = "Pods-MapAppWatch.release.xcconfig"; path = "Target Support Files/Pods-MapAppWatch/Pods-MapAppWatch.release.xcconfig"; sourceTree = "<group>"; };
/* End PBXFileReference section */

/* Begin PBXFrameworksBuildPhase section */
		9B107B622217D74A006971FF /* Frameworks */ = {
			isa = PBXFrameworksBuildPhase;
			buildActionMask = 2147483647;
			files = (
				9BAAFE4523DD985E004C4B43 /* GoogleMobileAds.framework in Frameworks */,
				9BAAFE4723DD9BC4004C4B43 /* GoogleAppMeasurement.framework in Frameworks */,
				9BAAFE4923DD9BCD004C4B43 /* GoogleUtilities.framework in Frameworks */,
				9BAAFE4D23DD9BF4004C4B43 /* nanopb.framework in Frameworks */,
				9BAAFE3B23DD97A0004C4B43 /* EventKit.framework in Frameworks */,
				9BAAFE3D23DD97A9004C4B43 /* EventKitUI.framework in Frameworks */,
				9BAAFE3723DD9785004C4B43 /* CoreMedia.framework in Frameworks */,
				9BAAFE3323DD9772004C4B43 /* AVFoundation.framework in Frameworks */,
				9BAAFE3923DD9790004C4B43 /* CoreTelephony.framework in Frameworks */,
				875CDAC47D902F85BC62D63A /* Pods_MapApp.framework in Frameworks */,
				9BAAFE4123DD97C4004C4B43 /* SystemConfiguration.framework in Frameworks */,
				9BAAFE2F23DD975A004C4B43 /* AdSupport.framework in Frameworks */,
				9BAAFE3F23DD97B9004C4B43 /* StoreKit.framework in Frameworks */,
				9BAAFE3523DD977C004C4B43 /* CoreGraphics.framework in Frameworks */,
				9BAAFE3123DD9764004C4B43 /* AudioToolbox.framework in Frameworks */,
			);
			runOnlyForDeploymentPostprocessing = 0;
		};
		9B107B792217D74C006971FF /* Frameworks */ = {
			isa = PBXFrameworksBuildPhase;
			buildActionMask = 2147483647;
			files = (
				8FD94B8C38D5666D686ED808 /* Pods_MapAppTests.framework in Frameworks */,
			);
			runOnlyForDeploymentPostprocessing = 0;
		};
		9B107B842217D74C006971FF /* Frameworks */ = {
			isa = PBXFrameworksBuildPhase;
			buildActionMask = 2147483647;
			files = (
				61D64AD368BE9A0FD375D546 /* Pods_MapApp_MapAppUITests.framework in Frameworks */,
			);
			runOnlyForDeploymentPostprocessing = 0;
		};
		9BE20C3022338A7B00ABA8ED /* Frameworks */ = {
			isa = PBXFrameworksBuildPhase;
			buildActionMask = 2147483647;
			files = (
				16B414BF241F82E03C8105FD /* Pods_MapAppWatch_Extension.framework in Frameworks */,
			);
			runOnlyForDeploymentPostprocessing = 0;
		};
		E7F11550EB99DB4F4F0CED1B /* Frameworks */ = {
			isa = PBXFrameworksBuildPhase;
			buildActionMask = 2147483647;
			files = (
				0D1D97C0F1C025FB959A09CA /* Pods_MapAppWatch.framework in Frameworks */,
			);
			runOnlyForDeploymentPostprocessing = 0;
		};
/* End PBXFrameworksBuildPhase section */

/* Begin PBXGroup section */
		3DF17B5864121DA133887E0C /* Frameworks */ = {
			isa = PBXGroup;
			children = (
				9BAAFE4C23DD9BF4004C4B43 /* nanopb.framework */,
				9BAAFE4A23DD9BD1004C4B43 /* Licenses */,
				9BAAFE4823DD9BCD004C4B43 /* GoogleUtilities.framework */,
				9BAAFE4623DD9BC4004C4B43 /* GoogleAppMeasurement.framework */,
				9BAAFE4423DD985E004C4B43 /* GoogleMobileAds.framework */,
				9BAAFE4223DD9827004C4B43 /* GoogleMobileAdsSdkiOS-7.53.1 */,
				9BAAFE4023DD97C4004C4B43 /* SystemConfiguration.framework */,
				9BAAFE3E23DD97B9004C4B43 /* StoreKit.framework */,
				9BAAFE3C23DD97A9004C4B43 /* EventKitUI.framework */,
				9BAAFE3A23DD97A0004C4B43 /* EventKit.framework */,
				9BAAFE3823DD9790004C4B43 /* CoreTelephony.framework */,
				9BAAFE3623DD9785004C4B43 /* CoreMedia.framework */,
				9BAAFE3423DD977C004C4B43 /* CoreGraphics.framework */,
				9BAAFE3223DD9772004C4B43 /* AVFoundation.framework */,
				9BAAFE3023DD9764004C4B43 /* AudioToolbox.framework */,
				9BAAFE2E23DD975A004C4B43 /* AdSupport.framework */,
				580B11B8812FB6E571DB4971 /* Pods_MapApp.framework */,
				0AF272B8F4F9DD98EB5C8498 /* Pods_MapApp_MapAppUITests.framework */,
				F64BACC053D53F6A14DCC47C /* Pods_MapAppTests.framework */,
				4D6A96D4BA3CE4F963E6F507 /* Pods_MapAppWatch.framework */,
				1299E58E1038F201033E1E3B /* Pods_MapAppWatch_Extension.framework */,
			);
			name = Frameworks;
			sourceTree = "<group>";
		};
		9B107B5C2217D74A006971FF = {
			isa = PBXGroup;
			children = (
				9B107B672217D74A006971FF /* MapApp */,
				9B107B7F2217D74C006971FF /* MapAppTests */,
				9B107B8A2217D74C006971FF /* MapAppUITests */,
				9BE20C2822338A7800ABA8ED /* MapAppWatch */,
				9BE20C3722338A7B00ABA8ED /* MapAppWatch Extension */,
				9B107B662217D74A006971FF /* Products */,
				CD103D15D3E6831EA8C2ADAB /* Pods */,
				3DF17B5864121DA133887E0C /* Frameworks */,
			);
			sourceTree = "<group>";
		};
		9B107B662217D74A006971FF /* Products */ = {
			isa = PBXGroup;
			children = (
				9B107B652217D74A006971FF /* Map Mode.app */,
				9B107B7C2217D74C006971FF /* MapAppTests.xctest */,
				9B107B872217D74C006971FF /* MapAppUITests.xctest */,
				9BE20C2722338A7800ABA8ED /* Map Mode.app */,
				9BE20C3322338A7B00ABA8ED /* MapAppWatch Extension.appex */,
			);
			name = Products;
			sourceTree = "<group>";
		};
		9B107B672217D74A006971FF /* MapApp */ = {
			isa = PBXGroup;
			children = (
				9BC59CF22303879100128586 /* Data */,
				9B107B682217D74A006971FF /* AppDelegate.swift */,
				9B107B6A2217D74A006971FF /* ViewController.swift */,
				9BD1933622E42E2C00A44FD6 /* CycleViewController.swift */,
				9B6379AB23B861430049FCEB /* WalkViewController.swift */,
				9B1103922244A33C00798283 /* MenuViewController.swift */,
				9BE836CA22FFE6B0005CE3C8 /* MenuCycleViewController.swift */,
				9B6379AD23B88CA70049FCEB /* MenuWalkViewController.swift */,
				9BAB8C2523069B5B0013BE62 /* CycleSettingViewController.swift */,
				9B8ED911239355AA00AFD405 /* PointPopupViewController.swift */,
				9BAAFE1F23DBCEF3004C4B43 /* CustomFloatingPanelLayout.swift */,
				9B107B6C2217D74A006971FF /* Main.storyboard */,
				9B107B742217D74C006971FF /* LaunchScreen.storyboard */,
				9B107B772217D74C006971FF /* Info.plist */,
				9B107B6F2217D74A006971FF /* MapApp.xcdatamodeld */,
				3AB98E2226C4D2F8002DD302 /* GolfManageScore.swift */,
				3AB98E2426C5CA7A002DD302 /* GolfInputScore.swift */,
			);
			path = MapApp;
			sourceTree = "<group>";
		};
		9B107B7F2217D74C006971FF /* MapAppTests */ = {
			isa = PBXGroup;
			children = (
				9B107B722217D74C006971FF /* Assets.xcassets */,
				9B107B802217D74C006971FF /* MapAppTests.swift */,
				9B107B822217D74C006971FF /* Info.plist */,
			);
			path = MapAppTests;
			sourceTree = "<group>";
		};
		9B107B8A2217D74C006971FF /* MapAppUITests */ = {
			isa = PBXGroup;
			children = (
				9B107B8B2217D74C006971FF /* MapAppUITests.swift */,
				9B107B8D2217D74C006971FF /* Info.plist */,
			);
			path = MapAppUITests;
			sourceTree = "<group>";
		};
		9BC59CF22303879100128586 /* Data */ = {
			isa = PBXGroup;
			children = (
				9BC59CF3230387AC00128586 /* UserDataManager.swift */,
				3AB98E2726C5D6D1002DD302 /* Define.swift */,
			);
			path = Data;
			sourceTree = "<group>";
		};
		9BE20C2822338A7800ABA8ED /* MapAppWatch */ = {
			isa = PBXGroup;
			children = (
				9BE20C2922338A7800ABA8ED /* Interface.storyboard */,
				9BE20C2C22338A7B00ABA8ED /* Assets.xcassets */,
				9BE20C2E22338A7B00ABA8ED /* Info.plist */,
			);
			path = MapAppWatch;
			sourceTree = "<group>";
		};
		9BE20C3722338A7B00ABA8ED /* MapAppWatch Extension */ = {
			isa = PBXGroup;
			children = (
				9BE20C3822338A7B00ABA8ED /* InterfaceController.swift */,
				9BE20C3A22338A7B00ABA8ED /* ExtensionDelegate.swift */,
				9BE20C3C22338A7B00ABA8ED /* NotificationController.swift */,
				9BE20C3E22338A7B00ABA8ED /* Assets.xcassets */,
				9BE20C4022338A7B00ABA8ED /* Info.plist */,
				9BE20C4122338A7B00ABA8ED /* PushNotificationPayload.apns */,
			);
			path = "MapAppWatch Extension";
			sourceTree = "<group>";
		};
		CD103D15D3E6831EA8C2ADAB /* Pods */ = {
			isa = PBXGroup;
			children = (
				1F7B0C59E4D855F4BAB063C8 /* Pods-MapApp.debug.xcconfig */,
				1B28071945CD7E294D8A0FF2 /* Pods-MapApp.release.xcconfig */,
				55697951E2C2237407C944A0 /* Pods-MapApp-MapAppUITests.debug.xcconfig */,
				B5DF17A235D424E443586CBD /* Pods-MapApp-MapAppUITests.release.xcconfig */,
				2D9A399AA125E1477E7DD388 /* Pods-MapAppTests.debug.xcconfig */,
				811300B3402FC936991ECC6E /* Pods-MapAppTests.release.xcconfig */,
				D79FE1F54A2AA2DA489A3705 /* Pods-MapAppWatch.debug.xcconfig */,
				F90F5EAC7B4080AD81EB014C /* Pods-MapAppWatch.release.xcconfig */,
				BD43CABE145B5FCF8DA076DD /* Pods-MapAppWatch Extension.debug.xcconfig */,
				C3EB9A2208B385571B700F81 /* Pods-MapAppWatch Extension.release.xcconfig */,
			);
			path = Pods;
			sourceTree = "<group>";
		};
/* End PBXGroup section */

/* Begin PBXNativeTarget section */
		9B107B642217D74A006971FF /* MapApp */ = {
			isa = PBXNativeTarget;
			buildConfigurationList = 9B107B902217D74C006971FF /* Build configuration list for PBXNativeTarget "MapApp" */;
			buildPhases = (
				2A8357FB7FDD654B0DA2F8D3 /* [CP] Check Pods Manifest.lock */,
				9B107B612217D74A006971FF /* Sources */,
				9B107B622217D74A006971FF /* Frameworks */,
				9B107B632217D74A006971FF /* Resources */,
				9BE20C4C22338A7B00ABA8ED /* Embed Watch Content */,
				9170700F579D39D9D31BCE95 /* [CP] Embed Pods Frameworks */,
			);
			buildRules = (
			);
			dependencies = (
				9BE20C4322338A7B00ABA8ED /* PBXTargetDependency */,
			);
			name = MapApp;
			productName = MapApp;
			productReference = 9B107B652217D74A006971FF /* Map Mode.app */;
			productType = "com.apple.product-type.application";
		};
		9B107B7B2217D74C006971FF /* MapAppTests */ = {
			isa = PBXNativeTarget;
			buildConfigurationList = 9B107B932217D74C006971FF /* Build configuration list for PBXNativeTarget "MapAppTests" */;
			buildPhases = (
				34E5A5376018A63179E07489 /* [CP] Check Pods Manifest.lock */,
				9B107B782217D74C006971FF /* Sources */,
				9B107B792217D74C006971FF /* Frameworks */,
				9B107B7A2217D74C006971FF /* Resources */,
			);
			buildRules = (
			);
			dependencies = (
				9B107B7E2217D74C006971FF /* PBXTargetDependency */,
			);
			name = MapAppTests;
			productName = MapAppTests;
			productReference = 9B107B7C2217D74C006971FF /* MapAppTests.xctest */;
			productType = "com.apple.product-type.bundle.unit-test";
		};
		9B107B862217D74C006971FF /* MapAppUITests */ = {
			isa = PBXNativeTarget;
			buildConfigurationList = 9B107B962217D74C006971FF /* Build configuration list for PBXNativeTarget "MapAppUITests" */;
			buildPhases = (
				0AD8F195E812C21B01AA94CF /* [CP] Check Pods Manifest.lock */,
				9B107B832217D74C006971FF /* Sources */,
				9B107B842217D74C006971FF /* Frameworks */,
				9B107B852217D74C006971FF /* Resources */,
				3A607200EA4413D339BD2894 /* [CP] Embed Pods Frameworks */,
			);
			buildRules = (
			);
			dependencies = (
				9B107B892217D74C006971FF /* PBXTargetDependency */,
			);
			name = MapAppUITests;
			productName = MapAppUITests;
			productReference = 9B107B872217D74C006971FF /* MapAppUITests.xctest */;
			productType = "com.apple.product-type.bundle.ui-testing";
		};
		9BE20C2622338A7800ABA8ED /* MapAppWatch */ = {
			isa = PBXNativeTarget;
			buildConfigurationList = 9BE20C4B22338A7B00ABA8ED /* Build configuration list for PBXNativeTarget "MapAppWatch" */;
			buildPhases = (
				E7B7A4A98CD1BDD0A8F7C928 /* [CP] Check Pods Manifest.lock */,
				9BE20C2522338A7800ABA8ED /* Resources */,
				9BE20C4A22338A7B00ABA8ED /* Embed App Extensions */,
				E7F11550EB99DB4F4F0CED1B /* Frameworks */,
			);
			buildRules = (
			);
			dependencies = (
				9BE20C3622338A7B00ABA8ED /* PBXTargetDependency */,
			);
			name = MapAppWatch;
			productName = MapAppWatch;
			productReference = 9BE20C2722338A7800ABA8ED /* Map Mode.app */;
			productType = "com.apple.product-type.application.watchapp2";
		};
		9BE20C3222338A7B00ABA8ED /* MapAppWatch Extension */ = {
			isa = PBXNativeTarget;
			buildConfigurationList = 9BE20C4922338A7B00ABA8ED /* Build configuration list for PBXNativeTarget "MapAppWatch Extension" */;
			buildPhases = (
				FCE6C84D2B30E6C89D45BF39 /* [CP] Check Pods Manifest.lock */,
				9BE20C2F22338A7B00ABA8ED /* Sources */,
				9BE20C3022338A7B00ABA8ED /* Frameworks */,
				9BE20C3122338A7B00ABA8ED /* Resources */,
			);
			buildRules = (
			);
			dependencies = (
			);
			name = "MapAppWatch Extension";
			productName = "MapAppWatch Extension";
			productReference = 9BE20C3322338A7B00ABA8ED /* MapAppWatch Extension.appex */;
			productType = "com.apple.product-type.watchkit2-extension";
		};
/* End PBXNativeTarget section */

/* Begin PBXProject section */
		9B107B5D2217D74A006971FF /* Project object */ = {
			isa = PBXProject;
			attributes = {
				KnownAssetTags = (
					New,
				);
				LastSwiftUpdateCheck = 1010;
				LastUpgradeCheck = 1250;
				ORGANIZATIONNAME = "rain-00-00-09";
				TargetAttributes = {
					9B107B642217D74A006971FF = {
						CreatedOnToolsVersion = 10.1;
						LastSwiftMigration = 1020;
					};
					9B107B7B2217D74C006971FF = {
						CreatedOnToolsVersion = 10.1;
						LastSwiftMigration = 1020;
						TestTargetID = 9B107B642217D74A006971FF;
					};
					9B107B862217D74C006971FF = {
						CreatedOnToolsVersion = 10.1;
						LastSwiftMigration = 1020;
						TestTargetID = 9B107B642217D74A006971FF;
					};
					9BE20C2622338A7800ABA8ED = {
						CreatedOnToolsVersion = 10.1;
					};
					9BE20C3222338A7B00ABA8ED = {
						CreatedOnToolsVersion = 10.1;
						LastSwiftMigration = 1020;
					};
				};
			};
			buildConfigurationList = 9B107B602217D74A006971FF /* Build configuration list for PBXProject "MapApp" */;
			compatibilityVersion = "Xcode 9.3";
			developmentRegion = en;
			hasScannedForEncodings = 0;
			knownRegions = (
				en,
				Base,
			);
			mainGroup = 9B107B5C2217D74A006971FF;
			productRefGroup = 9B107B662217D74A006971FF /* Products */;
			projectDirPath = "";
			projectRoot = "";
			targets = (
				9B107B642217D74A006971FF /* MapApp */,
				9B107B7B2217D74C006971FF /* MapAppTests */,
				9B107B862217D74C006971FF /* MapAppUITests */,
				9BE20C2622338A7800ABA8ED /* MapAppWatch */,
				9BE20C3222338A7B00ABA8ED /* MapAppWatch Extension */,
			);
		};
/* End PBXProject section */

/* Begin PBXResourcesBuildPhase section */
		9B107B632217D74A006971FF /* Resources */ = {
			isa = PBXResourcesBuildPhase;
			buildActionMask = 2147483647;
			files = (
				9B107B762217D74C006971FF /* LaunchScreen.storyboard in Resources */,
				9B107B732217D74C006971FF /* Assets.xcassets in Resources */,
				9B107B6E2217D74A006971FF /* Main.storyboard in Resources */,
			);
			runOnlyForDeploymentPostprocessing = 0;
		};
		9B107B7A2217D74C006971FF /* Resources */ = {
			isa = PBXResourcesBuildPhase;
			buildActionMask = 2147483647;
			files = (
			);
			runOnlyForDeploymentPostprocessing = 0;
		};
		9B107B852217D74C006971FF /* Resources */ = {
			isa = PBXResourcesBuildPhase;
			buildActionMask = 2147483647;
			files = (
			);
			runOnlyForDeploymentPostprocessing = 0;
		};
		9BE20C2522338A7800ABA8ED /* Resources */ = {
			isa = PBXResourcesBuildPhase;
			buildActionMask = 2147483647;
			files = (
				9BE20C2D22338A7B00ABA8ED /* Assets.xcassets in Resources */,
				9BE20C2B22338A7800ABA8ED /* Interface.storyboard in Resources */,
			);
			runOnlyForDeploymentPostprocessing = 0;
		};
		9BE20C3122338A7B00ABA8ED /* Resources */ = {
			isa = PBXResourcesBuildPhase;
			buildActionMask = 2147483647;
			files = (
				9BE20C3F22338A7B00ABA8ED /* Assets.xcassets in Resources */,
			);
			runOnlyForDeploymentPostprocessing = 0;
		};
/* End PBXResourcesBuildPhase section */

/* Begin PBXShellScriptBuildPhase section */
		0AD8F195E812C21B01AA94CF /* [CP] Check Pods Manifest.lock */ = {
			isa = PBXShellScriptBuildPhase;
			buildActionMask = 2147483647;
			files = (
			);
			inputFileListPaths = (
			);
			inputPaths = (
				"${PODS_PODFILE_DIR_PATH}/Podfile.lock",
				"${PODS_ROOT}/Manifest.lock",
			);
			name = "[CP] Check Pods Manifest.lock";
			outputFileListPaths = (
			);
			outputPaths = (
				"$(DERIVED_FILE_DIR)/Pods-MapApp-MapAppUITests-checkManifestLockResult.txt",
			);
			runOnlyForDeploymentPostprocessing = 0;
			shellPath = /bin/sh;
			shellScript = "diff \"${PODS_PODFILE_DIR_PATH}/Podfile.lock\" \"${PODS_ROOT}/Manifest.lock\" > /dev/null\nif [ $? != 0 ] ; then\n    # print error to STDERR\n    echo \"error: The sandbox is not in sync with the Podfile.lock. Run 'pod install' or update your CocoaPods installation.\" >&2\n    exit 1\nfi\n# This output is used by Xcode 'outputs' to avoid re-running this script phase.\necho \"SUCCESS\" > \"${SCRIPT_OUTPUT_FILE_0}\"\n";
			showEnvVarsInLog = 0;
		};
		2A8357FB7FDD654B0DA2F8D3 /* [CP] Check Pods Manifest.lock */ = {
			isa = PBXShellScriptBuildPhase;
			buildActionMask = 2147483647;
			files = (
			);
			inputFileListPaths = (
			);
			inputPaths = (
				"${PODS_PODFILE_DIR_PATH}/Podfile.lock",
				"${PODS_ROOT}/Manifest.lock",
			);
			name = "[CP] Check Pods Manifest.lock";
			outputFileListPaths = (
			);
			outputPaths = (
				"$(DERIVED_FILE_DIR)/Pods-MapApp-checkManifestLockResult.txt",
			);
			runOnlyForDeploymentPostprocessing = 0;
			shellPath = /bin/sh;
			shellScript = "diff \"${PODS_PODFILE_DIR_PATH}/Podfile.lock\" \"${PODS_ROOT}/Manifest.lock\" > /dev/null\nif [ $? != 0 ] ; then\n    # print error to STDERR\n    echo \"error: The sandbox is not in sync with the Podfile.lock. Run 'pod install' or update your CocoaPods installation.\" >&2\n    exit 1\nfi\n# This output is used by Xcode 'outputs' to avoid re-running this script phase.\necho \"SUCCESS\" > \"${SCRIPT_OUTPUT_FILE_0}\"\n";
			showEnvVarsInLog = 0;
		};
		34E5A5376018A63179E07489 /* [CP] Check Pods Manifest.lock */ = {
			isa = PBXShellScriptBuildPhase;
			buildActionMask = 2147483647;
			files = (
			);
			inputFileListPaths = (
			);
			inputPaths = (
				"${PODS_PODFILE_DIR_PATH}/Podfile.lock",
				"${PODS_ROOT}/Manifest.lock",
			);
			name = "[CP] Check Pods Manifest.lock";
			outputFileListPaths = (
			);
			outputPaths = (
				"$(DERIVED_FILE_DIR)/Pods-MapAppTests-checkManifestLockResult.txt",
			);
			runOnlyForDeploymentPostprocessing = 0;
			shellPath = /bin/sh;
			shellScript = "diff \"${PODS_PODFILE_DIR_PATH}/Podfile.lock\" \"${PODS_ROOT}/Manifest.lock\" > /dev/null\nif [ $? != 0 ] ; then\n    # print error to STDERR\n    echo \"error: The sandbox is not in sync with the Podfile.lock. Run 'pod install' or update your CocoaPods installation.\" >&2\n    exit 1\nfi\n# This output is used by Xcode 'outputs' to avoid re-running this script phase.\necho \"SUCCESS\" > \"${SCRIPT_OUTPUT_FILE_0}\"\n";
			showEnvVarsInLog = 0;
		};
		3A607200EA4413D339BD2894 /* [CP] Embed Pods Frameworks */ = {
			isa = PBXShellScriptBuildPhase;
			buildActionMask = 2147483647;
			files = (
			);
			inputFileListPaths = (
				"${PODS_ROOT}/Target Support Files/Pods-MapApp-MapAppUITests/Pods-MapApp-MapAppUITests-frameworks-${CONFIGURATION}-input-files.xcfilelist",
			);
			name = "[CP] Embed Pods Frameworks";
			outputFileListPaths = (
				"${PODS_ROOT}/Target Support Files/Pods-MapApp-MapAppUITests/Pods-MapApp-MapAppUITests-frameworks-${CONFIGURATION}-output-files.xcfilelist",
			);
			runOnlyForDeploymentPostprocessing = 0;
			shellPath = /bin/sh;
			shellScript = "\"${PODS_ROOT}/Target Support Files/Pods-MapApp-MapAppUITests/Pods-MapApp-MapAppUITests-frameworks.sh\"\n";
			showEnvVarsInLog = 0;
		};
		9170700F579D39D9D31BCE95 /* [CP] Embed Pods Frameworks */ = {
			isa = PBXShellScriptBuildPhase;
			buildActionMask = 2147483647;
			files = (
			);
			inputFileListPaths = (
				"${PODS_ROOT}/Target Support Files/Pods-MapApp/Pods-MapApp-frameworks-${CONFIGURATION}-input-files.xcfilelist",
			);
			name = "[CP] Embed Pods Frameworks";
			outputFileListPaths = (
				"${PODS_ROOT}/Target Support Files/Pods-MapApp/Pods-MapApp-frameworks-${CONFIGURATION}-output-files.xcfilelist",
			);
			runOnlyForDeploymentPostprocessing = 0;
			shellPath = /bin/sh;
			shellScript = "\"${PODS_ROOT}/Target Support Files/Pods-MapApp/Pods-MapApp-frameworks.sh\"\n";
			showEnvVarsInLog = 0;
		};
		E7B7A4A98CD1BDD0A8F7C928 /* [CP] Check Pods Manifest.lock */ = {
			isa = PBXShellScriptBuildPhase;
			buildActionMask = 2147483647;
			files = (
			);
			inputFileListPaths = (
			);
			inputPaths = (
				"${PODS_PODFILE_DIR_PATH}/Podfile.lock",
				"${PODS_ROOT}/Manifest.lock",
			);
			name = "[CP] Check Pods Manifest.lock";
			outputFileListPaths = (
			);
			outputPaths = (
				"$(DERIVED_FILE_DIR)/Pods-MapAppWatch-checkManifestLockResult.txt",
			);
			runOnlyForDeploymentPostprocessing = 0;
			shellPath = /bin/sh;
			shellScript = "diff \"${PODS_PODFILE_DIR_PATH}/Podfile.lock\" \"${PODS_ROOT}/Manifest.lock\" > /dev/null\nif [ $? != 0 ] ; then\n    # print error to STDERR\n    echo \"error: The sandbox is not in sync with the Podfile.lock. Run 'pod install' or update your CocoaPods installation.\" >&2\n    exit 1\nfi\n# This output is used by Xcode 'outputs' to avoid re-running this script phase.\necho \"SUCCESS\" > \"${SCRIPT_OUTPUT_FILE_0}\"\n";
			showEnvVarsInLog = 0;
		};
		FCE6C84D2B30E6C89D45BF39 /* [CP] Check Pods Manifest.lock */ = {
			isa = PBXShellScriptBuildPhase;
			buildActionMask = 2147483647;
			files = (
			);
			inputFileListPaths = (
			);
			inputPaths = (
				"${PODS_PODFILE_DIR_PATH}/Podfile.lock",
				"${PODS_ROOT}/Manifest.lock",
			);
			name = "[CP] Check Pods Manifest.lock";
			outputFileListPaths = (
			);
			outputPaths = (
				"$(DERIVED_FILE_DIR)/Pods-MapAppWatch Extension-checkManifestLockResult.txt",
			);
			runOnlyForDeploymentPostprocessing = 0;
			shellPath = /bin/sh;
			shellScript = "diff \"${PODS_PODFILE_DIR_PATH}/Podfile.lock\" \"${PODS_ROOT}/Manifest.lock\" > /dev/null\nif [ $? != 0 ] ; then\n    # print error to STDERR\n    echo \"error: The sandbox is not in sync with the Podfile.lock. Run 'pod install' or update your CocoaPods installation.\" >&2\n    exit 1\nfi\n# This output is used by Xcode 'outputs' to avoid re-running this script phase.\necho \"SUCCESS\" > \"${SCRIPT_OUTPUT_FILE_0}\"\n";
			showEnvVarsInLog = 0;
		};
/* End PBXShellScriptBuildPhase section */

/* Begin PBXSourcesBuildPhase section */
		9B107B612217D74A006971FF /* Sources */ = {
			isa = PBXSourcesBuildPhase;
			buildActionMask = 2147483647;
			files = (
				9B8ED912239355AB00AFD405 /* PointPopupViewController.swift in Sources */,
				9BAB8C2623069B5B0013BE62 /* CycleSettingViewController.swift in Sources */,
				9BC59CF4230387AC00128586 /* UserDataManager.swift in Sources */,
				3AB98E2326C4D2F8002DD302 /* GolfManageScore.swift in Sources */,
				9B107B712217D74A006971FF /* MapApp.xcdatamodeld in Sources */,
				3AB98E2526C5CA7A002DD302 /* GolfInputScore.swift in Sources */,
				9BD1933722E42E2C00A44FD6 /* CycleViewController.swift in Sources */,
				9B6379AE23B88CA70049FCEB /* MenuWalkViewController.swift in Sources */,
				9BE836CB22FFE6B0005CE3C8 /* MenuCycleViewController.swift in Sources */,
				9B107B6B2217D74A006971FF /* ViewController.swift in Sources */,
				9B6379AC23B861430049FCEB /* WalkViewController.swift in Sources */,
				9B107B692217D74A006971FF /* AppDelegate.swift in Sources */,
				9B1103932244A33C00798283 /* MenuViewController.swift in Sources */,
				3AB98E2826C5D6D1002DD302 /* Define.swift in Sources */,
				9BAAFE2023DBCEF3004C4B43 /* CustomFloatingPanelLayout.swift in Sources */,
			);
			runOnlyForDeploymentPostprocessing = 0;
		};
		9B107B782217D74C006971FF /* Sources */ = {
			isa = PBXSourcesBuildPhase;
			buildActionMask = 2147483647;
			files = (
				9B107B812217D74C006971FF /* MapAppTests.swift in Sources */,
			);
			runOnlyForDeploymentPostprocessing = 0;
		};
		9B107B832217D74C006971FF /* Sources */ = {
			isa = PBXSourcesBuildPhase;
			buildActionMask = 2147483647;
			files = (
				9B107B8C2217D74C006971FF /* MapAppUITests.swift in Sources */,
			);
			runOnlyForDeploymentPostprocessing = 0;
		};
		9BE20C2F22338A7B00ABA8ED /* Sources */ = {
			isa = PBXSourcesBuildPhase;
			buildActionMask = 2147483647;
			files = (
				9BE20C3D22338A7B00ABA8ED /* NotificationController.swift in Sources */,
				9BE20C3B22338A7B00ABA8ED /* ExtensionDelegate.swift in Sources */,
				9BE20C3922338A7B00ABA8ED /* InterfaceController.swift in Sources */,
			);
			runOnlyForDeploymentPostprocessing = 0;
		};
/* End PBXSourcesBuildPhase section */

/* Begin PBXTargetDependency section */
		9B107B7E2217D74C006971FF /* PBXTargetDependency */ = {
			isa = PBXTargetDependency;
			target = 9B107B642217D74A006971FF /* MapApp */;
			targetProxy = 9B107B7D2217D74C006971FF /* PBXContainerItemProxy */;
		};
		9B107B892217D74C006971FF /* PBXTargetDependency */ = {
			isa = PBXTargetDependency;
			target = 9B107B642217D74A006971FF /* MapApp */;
			targetProxy = 9B107B882217D74C006971FF /* PBXContainerItemProxy */;
		};
		9BE20C3622338A7B00ABA8ED /* PBXTargetDependency */ = {
			isa = PBXTargetDependency;
			target = 9BE20C3222338A7B00ABA8ED /* MapAppWatch Extension */;
			targetProxy = 9BE20C3522338A7B00ABA8ED /* PBXContainerItemProxy */;
		};
		9BE20C4322338A7B00ABA8ED /* PBXTargetDependency */ = {
			isa = PBXTargetDependency;
			target = 9BE20C2622338A7800ABA8ED /* MapAppWatch */;
			targetProxy = 9BE20C4222338A7B00ABA8ED /* PBXContainerItemProxy */;
		};
/* End PBXTargetDependency section */

/* Begin PBXVariantGroup section */
		9B107B6C2217D74A006971FF /* Main.storyboard */ = {
			isa = PBXVariantGroup;
			children = (
				9B107B6D2217D74A006971FF /* Base */,
			);
			name = Main.storyboard;
			sourceTree = "<group>";
		};
		9B107B742217D74C006971FF /* LaunchScreen.storyboard */ = {
			isa = PBXVariantGroup;
			children = (
				9B107B752217D74C006971FF /* Base */,
			);
			name = LaunchScreen.storyboard;
			sourceTree = "<group>";
		};
		9BE20C2922338A7800ABA8ED /* Interface.storyboard */ = {
			isa = PBXVariantGroup;
			children = (
				9BE20C2A22338A7800ABA8ED /* Base */,
			);
			name = Interface.storyboard;
			sourceTree = "<group>";
		};
/* End PBXVariantGroup section */

/* Begin XCBuildConfiguration section */
		9B107B8E2217D74C006971FF /* Debug */ = {
			isa = XCBuildConfiguration;
			buildSettings = {
				ALWAYS_SEARCH_USER_PATHS = NO;
				CLANG_ANALYZER_NONNULL = YES;
				CLANG_ANALYZER_NUMBER_OBJECT_CONVERSION = YES_AGGRESSIVE;
				CLANG_CXX_LANGUAGE_STANDARD = "gnu++14";
				CLANG_CXX_LIBRARY = "libc++";
				CLANG_ENABLE_MODULES = YES;
				CLANG_ENABLE_OBJC_ARC = YES;
				CLANG_ENABLE_OBJC_WEAK = YES;
				CLANG_WARN_BLOCK_CAPTURE_AUTORELEASING = YES;
				CLANG_WARN_BOOL_CONVERSION = YES;
				CLANG_WARN_COMMA = YES;
				CLANG_WARN_CONSTANT_CONVERSION = YES;
				CLANG_WARN_DEPRECATED_OBJC_IMPLEMENTATIONS = YES;
				CLANG_WARN_DIRECT_OBJC_ISA_USAGE = YES_ERROR;
				CLANG_WARN_DOCUMENTATION_COMMENTS = YES;
				CLANG_WARN_EMPTY_BODY = YES;
				CLANG_WARN_ENUM_CONVERSION = YES;
				CLANG_WARN_INFINITE_RECURSION = YES;
				CLANG_WARN_INT_CONVERSION = YES;
				CLANG_WARN_NON_LITERAL_NULL_CONVERSION = YES;
				CLANG_WARN_OBJC_IMPLICIT_RETAIN_SELF = YES;
				CLANG_WARN_OBJC_LITERAL_CONVERSION = YES;
				CLANG_WARN_OBJC_ROOT_CLASS = YES_ERROR;
				CLANG_WARN_QUOTED_INCLUDE_IN_FRAMEWORK_HEADER = YES;
				CLANG_WARN_RANGE_LOOP_ANALYSIS = YES;
				CLANG_WARN_STRICT_PROTOTYPES = YES;
				CLANG_WARN_SUSPICIOUS_MOVE = YES;
				CLANG_WARN_UNGUARDED_AVAILABILITY = YES_AGGRESSIVE;
				CLANG_WARN_UNREACHABLE_CODE = YES;
				CLANG_WARN__DUPLICATE_METHOD_MATCH = YES;
				CODE_SIGN_IDENTITY = "iPhone Developer";
				COPY_PHASE_STRIP = NO;
				CURRENT_PROJECT_VERSION = 6;
				DEBUG_INFORMATION_FORMAT = dwarf;
				ENABLE_STRICT_OBJC_MSGSEND = YES;
				ENABLE_TESTABILITY = YES;
				GCC_C_LANGUAGE_STANDARD = gnu11;
				GCC_DYNAMIC_NO_PIC = NO;
				GCC_NO_COMMON_BLOCKS = YES;
				GCC_OPTIMIZATION_LEVEL = 0;
				GCC_PREPROCESSOR_DEFINITIONS = (
					"DEBUG=1",
					"$(inherited)",
				);
				GCC_WARN_64_TO_32_BIT_CONVERSION = YES;
				GCC_WARN_ABOUT_RETURN_TYPE = YES_ERROR;
				GCC_WARN_UNDECLARED_SELECTOR = YES;
				GCC_WARN_UNINITIALIZED_AUTOS = YES_AGGRESSIVE;
				GCC_WARN_UNUSED_FUNCTION = YES;
				GCC_WARN_UNUSED_VARIABLE = YES;
				IPHONEOS_DEPLOYMENT_TARGET = 14.5;
				MARKETING_VERSION = 1.3;
				MTL_ENABLE_DEBUG_INFO = INCLUDE_SOURCE;
				MTL_FAST_MATH = YES;
				ONLY_ACTIVE_ARCH = YES;
				SDKROOT = iphoneos;
				SWIFT_ACTIVE_COMPILATION_CONDITIONS = DEBUG;
				SWIFT_OPTIMIZATION_LEVEL = "-Onone";
			};
			name = Debug;
		};
		9B107B8F2217D74C006971FF /* Release */ = {
			isa = XCBuildConfiguration;
			buildSettings = {
				ALWAYS_SEARCH_USER_PATHS = NO;
				CLANG_ANALYZER_NONNULL = YES;
				CLANG_ANALYZER_NUMBER_OBJECT_CONVERSION = YES_AGGRESSIVE;
				CLANG_CXX_LANGUAGE_STANDARD = "gnu++14";
				CLANG_CXX_LIBRARY = "libc++";
				CLANG_ENABLE_MODULES = YES;
				CLANG_ENABLE_OBJC_ARC = YES;
				CLANG_ENABLE_OBJC_WEAK = YES;
				CLANG_WARN_BLOCK_CAPTURE_AUTORELEASING = YES;
				CLANG_WARN_BOOL_CONVERSION = YES;
				CLANG_WARN_COMMA = YES;
				CLANG_WARN_CONSTANT_CONVERSION = YES;
				CLANG_WARN_DEPRECATED_OBJC_IMPLEMENTATIONS = YES;
				CLANG_WARN_DIRECT_OBJC_ISA_USAGE = YES_ERROR;
				CLANG_WARN_DOCUMENTATION_COMMENTS = YES;
				CLANG_WARN_EMPTY_BODY = YES;
				CLANG_WARN_ENUM_CONVERSION = YES;
				CLANG_WARN_INFINITE_RECURSION = YES;
				CLANG_WARN_INT_CONVERSION = YES;
				CLANG_WARN_NON_LITERAL_NULL_CONVERSION = YES;
				CLANG_WARN_OBJC_IMPLICIT_RETAIN_SELF = YES;
				CLANG_WARN_OBJC_LITERAL_CONVERSION = YES;
				CLANG_WARN_OBJC_ROOT_CLASS = YES_ERROR;
				CLANG_WARN_QUOTED_INCLUDE_IN_FRAMEWORK_HEADER = YES;
				CLANG_WARN_RANGE_LOOP_ANALYSIS = YES;
				CLANG_WARN_STRICT_PROTOTYPES = YES;
				CLANG_WARN_SUSPICIOUS_MOVE = YES;
				CLANG_WARN_UNGUARDED_AVAILABILITY = YES_AGGRESSIVE;
				CLANG_WARN_UNREACHABLE_CODE = YES;
				CLANG_WARN__DUPLICATE_METHOD_MATCH = YES;
				CODE_SIGN_IDENTITY = "iPhone Developer";
				COPY_PHASE_STRIP = NO;
				CURRENT_PROJECT_VERSION = 6;
				DEBUG_INFORMATION_FORMAT = "dwarf-with-dsym";
				ENABLE_NS_ASSERTIONS = NO;
				ENABLE_STRICT_OBJC_MSGSEND = YES;
				GCC_C_LANGUAGE_STANDARD = gnu11;
				GCC_NO_COMMON_BLOCKS = YES;
				GCC_WARN_64_TO_32_BIT_CONVERSION = YES;
				GCC_WARN_ABOUT_RETURN_TYPE = YES_ERROR;
				GCC_WARN_UNDECLARED_SELECTOR = YES;
				GCC_WARN_UNINITIALIZED_AUTOS = YES_AGGRESSIVE;
				GCC_WARN_UNUSED_FUNCTION = YES;
				GCC_WARN_UNUSED_VARIABLE = YES;
				IPHONEOS_DEPLOYMENT_TARGET = 14.5;
				MARKETING_VERSION = 1.3;
				MTL_ENABLE_DEBUG_INFO = NO;
				MTL_FAST_MATH = YES;
				SDKROOT = iphoneos;
				SWIFT_COMPILATION_MODE = wholemodule;
				SWIFT_OPTIMIZATION_LEVEL = "-O";
				VALIDATE_PRODUCT = YES;
			};
			name = Release;
		};
		9B107B912217D74C006971FF /* Debug */ = {
			isa = XCBuildConfiguration;
			baseConfigurationReference = 1F7B0C59E4D855F4BAB063C8 /* Pods-MapApp.debug.xcconfig */;
			buildSettings = {
				ASSETCATALOG_COMPILER_APPICON_NAME = AppIcon;
				CODE_SIGN_STYLE = Automatic;
				CURRENT_PROJECT_VERSION = 7;
				DEVELOPMENT_TEAM = KJD33B7KR7;
				FRAMEWORK_SEARCH_PATHS = (
					"$(inherited)",
					"$(PROJECT_DIR)/GoogleMobileAdsSdkiOS-7.53.1",
				);
				INFOPLIST_FILE = MapApp/Info.plist;
				IPHONEOS_DEPLOYMENT_TARGET = 14.5;
				LD_RUNPATH_SEARCH_PATHS = (
					"$(inherited)",
					"@executable_path/Frameworks",
				);
				MARKETING_VERSION = 1.4;
				PRODUCT_BUNDLE_IDENTIFIER = com.pf2017app.MapApp;
				PRODUCT_NAME = "Map Mode";
				SWIFT_VERSION = 5.0;
				TARGETED_DEVICE_FAMILY = 1;
			};
			name = Debug;
		};
		9B107B922217D74C006971FF /* Release */ = {
			isa = XCBuildConfiguration;
			baseConfigurationReference = 1B28071945CD7E294D8A0FF2 /* Pods-MapApp.release.xcconfig */;
			buildSettings = {
				ASSETCATALOG_COMPILER_APPICON_NAME = AppIcon;
				CODE_SIGN_STYLE = Automatic;
				CURRENT_PROJECT_VERSION = 7;
				DEVELOPMENT_TEAM = KJD33B7KR7;
				FRAMEWORK_SEARCH_PATHS = (
					"$(inherited)",
					"$(PROJECT_DIR)/GoogleMobileAdsSdkiOS-7.53.1",
				);
				INFOPLIST_FILE = MapApp/Info.plist;
				IPHONEOS_DEPLOYMENT_TARGET = 14.5;
				LD_RUNPATH_SEARCH_PATHS = (
					"$(inherited)",
					"@executable_path/Frameworks",
				);
				MARKETING_VERSION = 1.4;
				PRODUCT_BUNDLE_IDENTIFIER = com.pf2017app.MapApp;
				PRODUCT_NAME = "Map Mode";
				SWIFT_VERSION = 5.0;
				TARGETED_DEVICE_FAMILY = 1;
			};
			name = Release;
		};
		9B107B942217D74C006971FF /* Debug */ = {
			isa = XCBuildConfiguration;
			baseConfigurationReference = 2D9A399AA125E1477E7DD388 /* Pods-MapAppTests.debug.xcconfig */;
			buildSettings = {
				ALWAYS_EMBED_SWIFT_STANDARD_LIBRARIES = YES;
				BUNDLE_LOADER = "$(TEST_HOST)";
				CODE_SIGN_STYLE = Automatic;
				DEVELOPMENT_TEAM = KJD33B7KR7;
				INFOPLIST_FILE = MapAppTests/Info.plist;
				LD_RUNPATH_SEARCH_PATHS = (
					"$(inherited)",
					"@executable_path/Frameworks",
					"@loader_path/Frameworks",
				);
				PRODUCT_BUNDLE_IDENTIFIER = com.pf2017app.MapAppTests;
				PRODUCT_NAME = "$(TARGET_NAME)";
				SWIFT_VERSION = 5.0;
				TARGETED_DEVICE_FAMILY = "1,2";
				TEST_HOST = "$(BUILT_PRODUCTS_DIR)/MapApp.app/MapApp";
			};
			name = Debug;
		};
		9B107B952217D74C006971FF /* Release */ = {
			isa = XCBuildConfiguration;
			baseConfigurationReference = 811300B3402FC936991ECC6E /* Pods-MapAppTests.release.xcconfig */;
			buildSettings = {
				ALWAYS_EMBED_SWIFT_STANDARD_LIBRARIES = YES;
				BUNDLE_LOADER = "$(TEST_HOST)";
				CODE_SIGN_STYLE = Automatic;
				DEVELOPMENT_TEAM = KJD33B7KR7;
				INFOPLIST_FILE = MapAppTests/Info.plist;
				LD_RUNPATH_SEARCH_PATHS = (
					"$(inherited)",
					"@executable_path/Frameworks",
					"@loader_path/Frameworks",
				);
				PRODUCT_BUNDLE_IDENTIFIER = com.pf2017app.MapAppTests;
				PRODUCT_NAME = "$(TARGET_NAME)";
				SWIFT_VERSION = 5.0;
				TARGETED_DEVICE_FAMILY = "1,2";
				TEST_HOST = "$(BUILT_PRODUCTS_DIR)/MapApp.app/MapApp";
			};
			name = Release;
		};
		9B107B972217D74C006971FF /* Debug */ = {
			isa = XCBuildConfiguration;
			baseConfigurationReference = 55697951E2C2237407C944A0 /* Pods-MapApp-MapAppUITests.debug.xcconfig */;
			buildSettings = {
				ALWAYS_EMBED_SWIFT_STANDARD_LIBRARIES = YES;
				CODE_SIGN_STYLE = Automatic;
				DEVELOPMENT_TEAM = KJD33B7KR7;
				INFOPLIST_FILE = MapAppUITests/Info.plist;
				LD_RUNPATH_SEARCH_PATHS = (
					"$(inherited)",
					"@executable_path/Frameworks",
					"@loader_path/Frameworks",
				);
				PRODUCT_BUNDLE_IDENTIFIER = com.pf2017app.MapAppUITests;
				PRODUCT_NAME = "$(TARGET_NAME)";
				SWIFT_VERSION = 5.0;
				TARGETED_DEVICE_FAMILY = "1,2";
				TEST_TARGET_NAME = MapApp;
			};
			name = Debug;
		};
		9B107B982217D74C006971FF /* Release */ = {
			isa = XCBuildConfiguration;
			baseConfigurationReference = B5DF17A235D424E443586CBD /* Pods-MapApp-MapAppUITests.release.xcconfig */;
			buildSettings = {
				ALWAYS_EMBED_SWIFT_STANDARD_LIBRARIES = YES;
				CODE_SIGN_STYLE = Automatic;
				DEVELOPMENT_TEAM = KJD33B7KR7;
				INFOPLIST_FILE = MapAppUITests/Info.plist;
				LD_RUNPATH_SEARCH_PATHS = (
					"$(inherited)",
					"@executable_path/Frameworks",
					"@loader_path/Frameworks",
				);
				PRODUCT_BUNDLE_IDENTIFIER = com.pf2017app.MapAppUITests;
				PRODUCT_NAME = "$(TARGET_NAME)";
				SWIFT_VERSION = 5.0;
				TARGETED_DEVICE_FAMILY = "1,2";
				TEST_TARGET_NAME = MapApp;
			};
			name = Release;
		};
		9BE20C4522338A7B00ABA8ED /* Debug */ = {
			isa = XCBuildConfiguration;
			baseConfigurationReference = D79FE1F54A2AA2DA489A3705 /* Pods-MapAppWatch.debug.xcconfig */;
			buildSettings = {
				ALWAYS_EMBED_SWIFT_STANDARD_LIBRARIES = YES;
				ASSETCATALOG_COMPILER_APPICON_NAME = AppIcon;
				CODE_SIGN_STYLE = Automatic;
				CURRENT_PROJECT_VERSION = 7;
				DEVELOPMENT_TEAM = KJD33B7KR7;
				IBSC_MODULE = MapAppWatch_Extension;
				INFOPLIST_FILE = MapAppWatch/Info.plist;
				MARKETING_VERSION = 1.4;
				PRODUCT_BUNDLE_IDENTIFIER = com.pf2017app.MapApp.watchkitapp;
				PRODUCT_NAME = "Map Mode";
				SDKROOT = watchos;
				SKIP_INSTALL = YES;
				SWIFT_VERSION = 4.2;
				TARGETED_DEVICE_FAMILY = 4;
				WATCHOS_DEPLOYMENT_TARGET = 5.1;
			};
			name = Debug;
		};
		9BE20C4622338A7B00ABA8ED /* Release */ = {
			isa = XCBuildConfiguration;
			baseConfigurationReference = F90F5EAC7B4080AD81EB014C /* Pods-MapAppWatch.release.xcconfig */;
			buildSettings = {
				ALWAYS_EMBED_SWIFT_STANDARD_LIBRARIES = YES;
				ASSETCATALOG_COMPILER_APPICON_NAME = AppIcon;
				CODE_SIGN_STYLE = Automatic;
				CURRENT_PROJECT_VERSION = 7;
				DEVELOPMENT_TEAM = KJD33B7KR7;
				IBSC_MODULE = MapAppWatch_Extension;
				INFOPLIST_FILE = MapAppWatch/Info.plist;
				MARKETING_VERSION = 1.4;
				PRODUCT_BUNDLE_IDENTIFIER = com.pf2017app.MapApp.watchkitapp;
				PRODUCT_NAME = "Map Mode";
				SDKROOT = watchos;
				SKIP_INSTALL = YES;
				SWIFT_VERSION = 4.2;
				TARGETED_DEVICE_FAMILY = 4;
				WATCHOS_DEPLOYMENT_TARGET = 5.1;
			};
			name = Release;
		};
		9BE20C4722338A7B00ABA8ED /* Debug */ = {
			isa = XCBuildConfiguration;
			baseConfigurationReference = BD43CABE145B5FCF8DA076DD /* Pods-MapAppWatch Extension.debug.xcconfig */;
			buildSettings = {
				ASSETCATALOG_COMPILER_COMPLICATION_NAME = Complication;
				CODE_SIGN_STYLE = Automatic;
				DEVELOPMENT_TEAM = KJD33B7KR7;
				INFOPLIST_FILE = "MapAppWatch Extension/Info.plist";
				LD_RUNPATH_SEARCH_PATHS = (
					"$(inherited)",
					"@executable_path/Frameworks",
					"@executable_path/../../Frameworks",
				);
				PRODUCT_BUNDLE_IDENTIFIER = com.pf2017app.MapApp.watchkitapp.watchkitextension;
				PRODUCT_NAME = "${TARGET_NAME}";
				SDKROOT = watchos;
				SKIP_INSTALL = YES;
				SWIFT_VERSION = 5.0;
				TARGETED_DEVICE_FAMILY = 4;
				WATCHOS_DEPLOYMENT_TARGET = 5.1;
			};
			name = Debug;
		};
		9BE20C4822338A7B00ABA8ED /* Release */ = {
			isa = XCBuildConfiguration;
			baseConfigurationReference = C3EB9A2208B385571B700F81 /* Pods-MapAppWatch Extension.release.xcconfig */;
			buildSettings = {
				ASSETCATALOG_COMPILER_COMPLICATION_NAME = Complication;
				CODE_SIGN_STYLE = Automatic;
				DEVELOPMENT_TEAM = KJD33B7KR7;
				INFOPLIST_FILE = "MapAppWatch Extension/Info.plist";
				LD_RUNPATH_SEARCH_PATHS = (
					"$(inherited)",
					"@executable_path/Frameworks",
					"@executable_path/../../Frameworks",
				);
				PRODUCT_BUNDLE_IDENTIFIER = com.pf2017app.MapApp.watchkitapp.watchkitextension;
				PRODUCT_NAME = "${TARGET_NAME}";
				SDKROOT = watchos;
				SKIP_INSTALL = YES;
				SWIFT_VERSION = 5.0;
				TARGETED_DEVICE_FAMILY = 4;
				WATCHOS_DEPLOYMENT_TARGET = 5.1;
			};
			name = Release;
		};
/* End XCBuildConfiguration section */

/* Begin XCConfigurationList section */
		9B107B602217D74A006971FF /* Build configuration list for PBXProject "MapApp" */ = {
			isa = XCConfigurationList;
			buildConfigurations = (
				9B107B8E2217D74C006971FF /* Debug */,
				9B107B8F2217D74C006971FF /* Release */,
			);
			defaultConfigurationIsVisible = 0;
			defaultConfigurationName = Release;
		};
		9B107B902217D74C006971FF /* Build configuration list for PBXNativeTarget "MapApp" */ = {
			isa = XCConfigurationList;
			buildConfigurations = (
				9B107B912217D74C006971FF /* Debug */,
				9B107B922217D74C006971FF /* Release */,
			);
			defaultConfigurationIsVisible = 0;
			defaultConfigurationName = Release;
		};
		9B107B932217D74C006971FF /* Build configuration list for PBXNativeTarget "MapAppTests" */ = {
			isa = XCConfigurationList;
			buildConfigurations = (
				9B107B942217D74C006971FF /* Debug */,
				9B107B952217D74C006971FF /* Release */,
			);
			defaultConfigurationIsVisible = 0;
			defaultConfigurationName = Release;
		};
		9B107B962217D74C006971FF /* Build configuration list for PBXNativeTarget "MapAppUITests" */ = {
			isa = XCConfigurationList;
			buildConfigurations = (
				9B107B972217D74C006971FF /* Debug */,
				9B107B982217D74C006971FF /* Release */,
			);
			defaultConfigurationIsVisible = 0;
			defaultConfigurationName = Release;
		};
		9BE20C4922338A7B00ABA8ED /* Build configuration list for PBXNativeTarget "MapAppWatch Extension" */ = {
			isa = XCConfigurationList;
			buildConfigurations = (
				9BE20C4722338A7B00ABA8ED /* Debug */,
				9BE20C4822338A7B00ABA8ED /* Release */,
			);
			defaultConfigurationIsVisible = 0;
			defaultConfigurationName = Release;
		};
		9BE20C4B22338A7B00ABA8ED /* Build configuration list for PBXNativeTarget "MapAppWatch" */ = {
			isa = XCConfigurationList;
			buildConfigurations = (
				9BE20C4522338A7B00ABA8ED /* Debug */,
				9BE20C4622338A7B00ABA8ED /* Release */,
			);
			defaultConfigurationIsVisible = 0;
			defaultConfigurationName = Release;
		};
/* End XCConfigurationList section */

/* Begin XCVersionGroup section */
		9B107B6F2217D74A006971FF /* MapApp.xcdatamodeld */ = {
			isa = XCVersionGroup;
			children = (
				9B107B702217D74A006971FF /* MapApp.xcdatamodel */,
			);
			currentVersion = 9B107B702217D74A006971FF /* MapApp.xcdatamodel */;
			path = MapApp.xcdatamodeld;
			sourceTree = "<group>";
			versionGroupType = wrapper.xcdatamodel;
		};
/* End XCVersionGroup section */
	};
	rootObject = 9B107B5D2217D74A006971FF /* Project object */;
}
